<?xml version="1.0" encoding="UTF-8"?>
<CONFIG>
  <ProjectOptions>
    <Version Value="12"/>
    <General>
      <Flags>
        <CompatibilityMode Value="True"/>
      </Flags>
      <SessionStorage Value="InProjectDir"/>
      <Title Value="ccm"/>
      <ResourceType Value="res"/>
      <UseXPManifest Value="True"/>
      <Icon Value="0"/>
    </General>
    <i18n>
      <EnableI18N LFM="False"/>
    </i18n>
    <BuildModes Count="1">
      <Item1 Name="Default" Default="True"/>
    </BuildModes>
    <PublishOptions>
      <Version Value="2"/>
    </PublishOptions>
    <RunParams>
      <local>
        <CommandLineParams Value="-lazarus-ide"/>
      </local>
      <FormatVersion Value="2"/>
      <Modes Count="1">
        <Mode0 Name="default">
          <local>
            <CommandLineParams Value="-lazarus-ide"/>
          </local>
        </Mode0>
      </Modes>
    </RunParams>
    <RequiredPackages Count="8">
      <Item1>
        <PackageName Value="imagesforlazarus"/>
      </Item1>
      <Item2>
        <PackageName Value="uniqueinstance_package"/>
      </Item2>
      <Item3>
        <PackageName Value="TurboPowerIPro"/>
      </Item3>
      <Item4>
        <PackageName Value="SynEdit"/>
      </Item4>
      <Item5>
        <PackageName Value="FCL"/>
      </Item5>
      <Item6>
        <PackageName Value="LazOpenGLContext"/>
      </Item6>
      <Item7>
        <PackageName Value="SQLDBLaz"/>
      </Item7>
      <Item8>
        <PackageName Value="LCL"/>
      </Item8>
    </RequiredPackages>
    <Units Count="78">
      <Unit0>
        <Filename Value="ccm.lpr"/>
        <IsPartOfProject Value="True"/>
      </Unit0>
      <Unit1>
        <Filename Value="unit1.pas"/>
        <IsPartOfProject Value="True"/>
        <ComponentName Value="Form1"/>
        <HasResources Value="True"/>
        <ResourceBaseClass Value="Form"/>
        <UnitName Value="Unit1"/>
      </Unit1>
      <Unit2>
        <Filename Value="unit2.pas"/>
        <IsPartOfProject Value="True"/>
        <ComponentName Value="Form2"/>
        <HasResources Value="True"/>
        <ResourceBaseClass Value="Form"/>
        <UnitName Value="Unit2"/>
      </Unit2>
      <Unit3>
        <Filename Value="unit3.pas"/>
        <IsPartOfProject Value="True"/>
        <ComponentName Value="Form3"/>
        <HasResources Value="True"/>
        <ResourceBaseClass Value="Form"/>
        <UnitName Value="Unit3"/>
      </Unit3>
      <Unit4>
        <Filename Value="uccm.pas"/>
        <IsPartOfProject Value="True"/>
      </Unit4>
      <Unit5>
        <Filename Value="../../Sample/DatenSteuerung/ucrc.pas"/>
        <IsPartOfProject Value="True"/>
      </Unit5>
      <Unit6>
        <Filename Value="unit4.pas"/>
        <IsPartOfProject Value="True"/>
        <ComponentName Value="Form4"/>
        <HasResources Value="True"/>
        <ResourceBaseClass Value="Form"/>
        <UnitName Value="Unit4"/>
      </Unit6>
      <Unit7>
        <Filename Value="ugpx2ggz.pas"/>
        <IsPartOfProject Value="True"/>
      </Unit7>
      <Unit8>
        <Filename Value="ugpx_parse.pas"/>
        <IsPartOfProject Value="True"/>
      </Unit8>
      <Unit9>
        <Filename Value="unit5.pas"/>
        <IsPartOfProject Value="True"/>
        <ComponentName Value="Form5"/>
        <HasResources Value="True"/>
        <ResourceBaseClass Value="Form"/>
        <UnitName Value="Unit5"/>
      </Unit9>
      <Unit10>
        <Filename Value="unit6.pas"/>
        <IsPartOfProject Value="True"/>
        <ComponentName Value="Form6"/>
        <HasResources Value="True"/>
        <ResourceBaseClass Value="Form"/>
        <UnitName Value="Unit6"/>
      </Unit10>
      <Unit11>
        <Filename Value="unit7.pas"/>
        <IsPartOfProject Value="True"/>
        <ComponentName Value="Form7"/>
        <HasResources Value="True"/>
        <ResourceBaseClass Value="Form"/>
        <UnitName Value="Unit7"/>
      </Unit11>
      <Unit12>
        <Filename Value="unit8.pas"/>
        <IsPartOfProject Value="True"/>
        <ComponentName Value="Form8"/>
        <HasResources Value="True"/>
        <ResourceBaseClass Value="Form"/>
        <UnitName Value="Unit8"/>
      </Unit12>
      <Unit13>
        <Filename Value="unit9.pas"/>
        <IsPartOfProject Value="True"/>
        <ComponentName Value="Form9"/>
        <HasResources Value="True"/>
        <ResourceBaseClass Value="Form"/>
        <UnitName Value="Unit9"/>
      </Unit13>
      <Unit14>
        <Filename Value="unit10.pas"/>
        <IsPartOfProject Value="True"/>
        <ComponentName Value="Form10"/>
        <HasResources Value="True"/>
        <ResourceBaseClass Value="Form"/>
        <UnitName Value="Unit10"/>
      </Unit14>
      <Unit15>
        <Filename Value="unit11.pas"/>
        <IsPartOfProject Value="True"/>
        <ComponentName Value="Form11"/>
        <HasResources Value="True"/>
        <ResourceBaseClass Value="Form"/>
        <UnitName Value="Unit11"/>
      </Unit15>
      <Unit16>
        <Filename Value="unit12.pas"/>
        <IsPartOfProject Value="True"/>
        <ComponentName Value="Form12"/>
        <HasResources Value="True"/>
        <ResourceBaseClass Value="Form"/>
        <UnitName Value="Unit12"/>
      </Unit16>
      <Unit17>
        <Filename Value="unit13.pas"/>
        <IsPartOfProject Value="True"/>
        <ComponentName Value="Form13"/>
        <HasResources Value="True"/>
        <ResourceBaseClass Value="Form"/>
        <UnitName Value="Unit13"/>
      </Unit17>
      <Unit18>
        <Filename Value="unit14.pas"/>
        <IsPartOfProject Value="True"/>
        <ComponentName Value="Form14"/>
        <HasResources Value="True"/>
        <ResourceBaseClass Value="Form"/>
        <UnitName Value="Unit14"/>
      </Unit18>
      <Unit19>
        <Filename Value="unit15.pas"/>
        <IsPartOfProject Value="True"/>
        <ComponentName Value="Form15"/>
        <HasResources Value="True"/>
        <ResourceBaseClass Value="Form"/>
        <UnitName Value="Unit15"/>
      </Unit19>
      <Unit20>
        <Filename Value="unit16.pas"/>
        <IsPartOfProject Value="True"/>
        <ComponentName Value="Form16"/>
        <HasResources Value="True"/>
        <ResourceBaseClass Value="Form"/>
        <UnitName Value="Unit16"/>
      </Unit20>
      <Unit21>
        <Filename Value="../../Sample/DatenSteuerung/umapviewer.pas"/>
        <IsPartOfProject Value="True"/>
      </Unit21>
      <Unit22>
        <Filename Value="../../Sample/OpenGL/dglopengl.pas"/>
        <IsPartOfProject Value="True"/>
        <UnitName Value="dglOpenGL"/>
      </Unit22>
      <Unit23>
        <Filename Value="../../Sample/Graphik/ugraphics.pas"/>
        <IsPartOfProject Value="True"/>
      </Unit23>
      <Unit24>
        <Filename Value="uvectormath.inc"/>
        <IsPartOfProject Value="True"/>
      </Unit24>
      <Unit25>
        <Filename Value="unit17.pas"/>
        <IsPartOfProject Value="True"/>
        <ComponentName Value="Form17"/>
        <HasResources Value="True"/>
        <ResourceBaseClass Value="Form"/>
        <UnitName Value="Unit17"/>
      </Unit25>
      <Unit26>
        <Filename Value="unit18.pas"/>
        <IsPartOfProject Value="True"/>
        <ComponentName Value="Form18"/>
        <HasResources Value="True"/>
        <ResourceBaseClass Value="Form"/>
        <UnitName Value="Unit18"/>
      </Unit26>
      <Unit27>
        <Filename Value="ccm.inc"/>
        <IsPartOfProject Value="True"/>
      </Unit27>
      <Unit28>
        <Filename Value="unit19.pas"/>
        <IsPartOfProject Value="True"/>
        <ComponentName Value="Form19"/>
        <HasResources Value="True"/>
        <ResourceBaseClass Value="Form"/>
        <UnitName Value="Unit19"/>
      </Unit28>
      <Unit29>
        <Filename Value="unit20.pas"/>
        <IsPartOfProject Value="True"/>
        <ComponentName Value="Form20"/>
        <HasResources Value="True"/>
        <ResourceBaseClass Value="Form"/>
        <UnitName Value="Unit20"/>
      </Unit29>
      <Unit30>
        <Filename Value="unit21.pas"/>
        <IsPartOfProject Value="True"/>
        <ComponentName Value="Form21"/>
        <HasResources Value="True"/>
        <ResourceBaseClass Value="Form"/>
        <UnitName Value="Unit21"/>
      </Unit30>
      <Unit31>
        <Filename Value="unit29.pas"/>
        <IsPartOfProject Value="True"/>
        <ComponentName Value="Form29"/>
        <HasResources Value="True"/>
        <ResourceBaseClass Value="Form"/>
      </Unit31>
      <Unit32>
        <Filename Value="unit22.pas"/>
        <IsPartOfProject Value="True"/>
        <ComponentName Value="Form22"/>
        <HasResources Value="True"/>
        <ResourceBaseClass Value="Form"/>
        <UnitName Value="Unit22"/>
      </Unit32>
      <Unit33>
        <Filename Value="unit28.pas"/>
        <IsPartOfProject Value="True"/>
        <ComponentName Value="Form28"/>
        <HasResources Value="True"/>
        <ResourceBaseClass Value="Form"/>
        <UnitName Value="Unit28"/>
      </Unit33>
      <Unit34>
        <Filename Value="unit23.pas"/>
        <IsPartOfProject Value="True"/>
        <ComponentName Value="Form23"/>
        <HasResources Value="True"/>
        <ResourceBaseClass Value="Form"/>
        <UnitName Value="Unit23"/>
      </Unit34>
      <Unit35>
        <Filename Value="unit24.pas"/>
        <IsPartOfProject Value="True"/>
        <ComponentName Value="Form24"/>
        <HasResources Value="True"/>
        <ResourceBaseClass Value="Form"/>
        <UnitName Value="Unit24"/>
      </Unit35>
      <Unit36>
        <Filename Value="unit25.pas"/>
        <IsPartOfProject Value="True"/>
        <ComponentName Value="Form25"/>
        <HasResources Value="True"/>
        <ResourceBaseClass Value="Form"/>
        <UnitName Value="Unit25"/>
      </Unit36>
      <Unit37>
        <Filename Value="unit26.pas"/>
        <IsPartOfProject Value="True"/>
        <ComponentName Value="Form26"/>
        <HasResources Value="True"/>
        <ResourceBaseClass Value="Form"/>
        <UnitName Value="Unit26"/>
      </Unit37>
      <Unit38>
        <Filename Value="unit27.pas"/>
        <IsPartOfProject Value="True"/>
        <ComponentName Value="Form27"/>
        <HasResources Value="True"/>
        <ResourceBaseClass Value="Form"/>
      </Unit38>
      <Unit39>
        <Filename Value="unit30.pas"/>
        <IsPartOfProject Value="True"/>
        <ComponentName Value="Form30"/>
        <HasResources Value="True"/>
        <ResourceBaseClass Value="Form"/>
        <UnitName Value="Unit30"/>
      </Unit39>
      <Unit40>
        <Filename Value="../../Sample/DatenSteuerung/uvectormath.pas"/>
        <IsPartOfProject Value="True"/>
      </Unit40>
      <Unit41>
        <Filename Value="../../Sample/OpenGL/uopengl_ascii_font.pas"/>
        <IsPartOfProject Value="True"/>
        <UnitName Value="uOpenGL_ASCII_Font"/>
      </Unit41>
      <Unit42>
        <Filename Value="../../Sample/OpenGL/uopengl_ascii_font.ressource"/>
        <IsPartOfProject Value="True"/>
      </Unit42>
      <Unit43>
        <Filename Value="ugctool.pas"/>
        <IsPartOfProject Value="True"/>
      </Unit43>
      <Unit44>
        <Filename Value="unit31.pas"/>
        <IsPartOfProject Value="True"/>
        <ComponentName Value="Form31"/>
        <HasResources Value="True"/>
        <ResourceBaseClass Value="Form"/>
        <UnitName Value="Unit31"/>
      </Unit44>
      <Unit45>
        <Filename Value="unit32.pas"/>
        <IsPartOfProject Value="True"/>
        <ComponentName Value="Form32"/>
        <HasResources Value="True"/>
        <ResourceBaseClass Value="Form"/>
        <UnitName Value="Unit32"/>
      </Unit45>
      <Unit46>
        <Filename Value="unit33.pas"/>
        <IsPartOfProject Value="True"/>
        <ComponentName Value="Form33"/>
        <HasResources Value="True"/>
        <ResourceBaseClass Value="Form"/>
        <UnitName Value="Unit33"/>
      </Unit46>
      <Unit47>
        <Filename Value="../../Sample/DatenSteuerung/udomxml.pas"/>
        <IsPartOfProject Value="True"/>
        <UnitName Value="uDOMXML"/>
      </Unit47>
      <Unit48>
        <Filename Value="../../Sample/TCP_IP/uupdate.pas"/>
        <IsPartOfProject Value="True"/>
      </Unit48>
      <Unit49>
        <Filename Value="updater_settings.inc"/>
        <IsPartOfProject Value="True"/>
      </Unit49>
      <Unit50>
        <Filename Value="../../Sample/DatenSteuerung/ulanguage.pas"/>
        <IsPartOfProject Value="True"/>
      </Unit50>
      <Unit51>
        <Filename Value="ressourcestrings.inc"/>
        <IsPartOfProject Value="True"/>
      </Unit51>
      <Unit52>
        <Filename Value="ccmlang.de"/>
        <IsPartOfProject Value="True"/>
      </Unit52>
      <Unit53>
        <Filename Value="ugctoolwrapper.pas"/>
        <IsPartOfProject Value="True"/>
      </Unit53>
      <Unit54>
        <Filename Value="ccm.ico"/>
        <IsPartOfProject Value="True"/>
      </Unit54>
      <Unit55>
        <Filename Value="unit34.pas"/>
        <IsPartOfProject Value="True"/>
        <ComponentName Value="Form34"/>
        <HasResources Value="True"/>
        <ResourceBaseClass Value="Form"/>
        <UnitName Value="Unit34"/>
      </Unit55>
      <Unit56>
        <Filename Value="unit35.pas"/>
        <IsPartOfProject Value="True"/>
        <ComponentName Value="Form35"/>
        <HasResources Value="True"/>
        <ResourceBaseClass Value="Form"/>
        <UnitName Value="Unit35"/>
      </Unit56>
      <Unit57>
        <Filename Value="unit36.pas"/>
        <IsPartOfProject Value="True"/>
        <ComponentName Value="Form36"/>
        <HasResources Value="True"/>
        <ResourceBaseClass Value="Form"/>
        <UnitName Value="Unit36"/>
      </Unit57>
      <Unit58>
        <Filename Value="unit37.pas"/>
        <IsPartOfProject Value="True"/>
        <ComponentName Value="Form37"/>
        <HasResources Value="True"/>
        <ResourceBaseClass Value="Form"/>
        <UnitName Value="Unit37"/>
      </Unit58>
      <Unit59>
        <Filename Value="unit38.pas"/>
        <IsPartOfProject Value="True"/>
        <ComponentName Value="Form38"/>
        <HasResources Value="True"/>
        <ResourceBaseClass Value="Form"/>
        <UnitName Value="Unit38"/>
      </Unit59>
      <Unit60>
        <Filename Value="../../Sample/DatenSteuerung/uJSON.pas"/>
        <IsPartOfProject Value="True"/>
      </Unit60>
      <Unit61>
        <Filename Value="unit39.pas"/>
        <IsPartOfProject Value="True"/>
        <ComponentName Value="Form39"/>
        <HasResources Value="True"/>
        <ResourceBaseClass Value="Form"/>
        <UnitName Value="Unit39"/>
      </Unit61>
      <Unit62>
        <Filename Value="unit40.pas"/>
        <IsPartOfProject Value="True"/>
        <ComponentName Value="Form40"/>
        <HasResources Value="True"/>
        <ResourceBaseClass Value="Form"/>
        <UnitName Value="Unit40"/>
      </Unit62>
      <Unit63>
        <Filename Value="uonlineviewer.pas"/>
        <IsPartOfProject Value="True"/>
      </Unit63>
      <Unit64>
        <Filename Value="unit41.pas"/>
        <IsPartOfProject Value="True"/>
        <ComponentName Value="Form41"/>
        <HasResources Value="True"/>
        <ResourceBaseClass Value="Form"/>
        <UnitName Value="Unit41"/>
      </Unit64>
      <Unit65>
        <Filename Value="../../Sample/synapse/httpsend.pas"/>
        <IsPartOfProject Value="True"/>
      </Unit65>
      <Unit66>
        <Filename Value="../../Sample/DatenSteuerung/umathsolver.pas"/>
        <IsPartOfProject Value="True"/>
      </Unit66>
      <Unit67>
        <Filename Value="../../Sample/mp/library/mp_types.pas"/>
        <IsPartOfProject Value="True"/>
      </Unit67>
      <Unit68>
        <Filename Value="unit42.pas"/>
        <IsPartOfProject Value="True"/>
        <ComponentName Value="Form42"/>
        <HasResources Value="True"/>
        <ResourceBaseClass Value="Form"/>
        <UnitName Value="Unit42"/>
      </Unit68>
      <Unit69>
        <Filename Value="../../Sample/DatenSteuerung/uncommenter.pas"/>
        <IsPartOfProject Value="True"/>
      </Unit69>
      <Unit70>
        <Filename Value="../../Sample/OpenGL/uopengl_graphikengine.pas"/>
        <IsPartOfProject Value="True"/>
      </Unit70>
      <Unit71>
        <Filename Value="../../Sample/DatenSteuerung/ugenmathcalc.pas"/>
        <IsPartOfProject Value="True"/>
      </Unit71>
      <Unit72>
        <Filename Value="ugenmathcalc.inc"/>
        <IsPartOfProject Value="True"/>
      </Unit72>
      <Unit73>
        <Filename Value="../../Sample/DatenSteuerung/utokenizer.pas"/>
        <IsPartOfProject Value="True"/>
      </Unit73>
      <Unit74>
        <Filename Value="../../Sample/TCP_IP/umultipartformdatastream.pas"/>
        <IsPartOfProject Value="True"/>
      </Unit74>
      <Unit75>
        <Filename Value="unit43.pas"/>
        <IsPartOfProject Value="True"/>
        <ComponentName Value="Form43"/>
        <HasResources Value="True"/>
        <ResourceBaseClass Value="Form"/>
        <UnitName Value="Unit43"/>
      </Unit75>
      <Unit76>
        <Filename Value="unit44.pas"/>
        <IsPartOfProject Value="True"/>
        <ComponentName Value="Form44"/>
        <HasResources Value="True"/>
        <ResourceBaseClass Value="Form"/>
        <UnitName Value="Unit44"/>
      </Unit76>
      <Unit77>
        <Filename Value="../../Sample/DatenSteuerung/usqlite_helper.pas"/>
        <IsPartOfProject Value="True"/>
      </Unit77>
    </Units>
  </ProjectOptions>
  <CompilerOptions>
    <Version Value="11"/>
    <Target>
      <Filename Value="ccm"/>
    </Target>
    <SearchPaths>
      <IncludeFiles Value="$(ProjOutDir)"/>
      <OtherUnitFiles Value="../../Sample/DatenSteuerung;../../Sample/OpenGL;../../Sample/Graphik;../../Sample/TCP_IP;../../Sample/synapse;../../Sample/mp/library"/>
      <UnitOutputDirectory Value="lib/$(TargetCPU)-$(TargetOS)"/>
    </SearchPaths>
    <Linking>
      <Options>
        <Win32>
          <GraphicApplication Value="True"/>
        </Win32>
      </Options>
    </Linking>
    <Other>
      <CompilerMessages>
        <IgnoredMessages idx5024="True"/>
      </CompilerMessages>
    </Other>
  </CompilerOptions>
  <Debugging>
    <Exceptions Count="4">
      <Item1>
        <Name Value="EAbort"/>
      </Item1>
      <Item2>
        <Name Value="ECodetoolError"/>
      </Item2>
      <Item3>
        <Name Value="EFOpenError"/>
      </Item3>
      <Item4>
        <Name Value="Exception"/>
      </Item4>
    </Exceptions>
  </Debugging>
</CONFIG>
